// !$*UTF8*$!
{
	archiveVersion = 1;
	classes = {
	};
	objectVersion = 50;
	objects = {

/* Begin PBXBuildFile section */
		B5AFD0EC238D5CA900EA88B8 /* AppDelegate.swift in Sources */ = {isa = PBXBuildFile; fileRef = B5AFD0EB238D5CA900EA88B8 /* AppDelegate.swift */; };
		B5AFD0EE238D5CA900EA88B8 /* SceneDelegate.swift in Sources */ = {isa = PBXBuildFile; fileRef = B5AFD0ED238D5CA900EA88B8 /* SceneDelegate.swift */; };
		B5AFD0F0238D5CA900EA88B8 /* GameScheduleVC.swift in Sources */ = {isa = PBXBuildFile; fileRef = B5AFD0EF238D5CA900EA88B8 /* GameScheduleVC.swift */; };
		B5AFD0F2238D5CA900EA88B8 /* SecondViewController.swift in Sources */ = {isa = PBXBuildFile; fileRef = B5AFD0F1238D5CA900EA88B8 /* SecondViewController.swift */; };
		B5AFD0F5238D5CA900EA88B8 /* Main.storyboard in Resources */ = {isa = PBXBuildFile; fileRef = B5AFD0F3238D5CA900EA88B8 /* Main.storyboard */; };
		B5AFD0F7238D5CAC00EA88B8 /* Assets.xcassets in Resources */ = {isa = PBXBuildFile; fileRef = B5AFD0F6238D5CAC00EA88B8 /* Assets.xcassets */; };
		B5AFD0FA238D5CAC00EA88B8 /* LaunchScreen.storyboard in Resources */ = {isa = PBXBuildFile; fileRef = B5AFD0F8238D5CAC00EA88B8 /* LaunchScreen.storyboard */; };
		B5AFD102238D611900EA88B8 /* GoogleService-Info.plist in Resources */ = {isa = PBXBuildFile; fileRef = B5AFD101238D611900EA88B8 /* GoogleService-Info.plist */; };
		B5AFD109238EB7F300EA88B8 /* RoundedShadowButton.swift in Sources */ = {isa = PBXBuildFile; fileRef = B5AFD108238EB7F300EA88B8 /* RoundedShadowButton.swift */; };
		B5AFD10C238EC25700EA88B8 /* Constant.swift in Sources */ = {isa = PBXBuildFile; fileRef = B5AFD10B238EC25700EA88B8 /* Constant.swift */; };
		B5AFD10E238EC2AF00EA88B8 /* Game.swift in Sources */ = {isa = PBXBuildFile; fileRef = B5AFD10D238EC2AF00EA88B8 /* Game.swift */; };
		B5AFD110238EFFD100EA88B8 /* GamesTableViewCell.swift in Sources */ = {isa = PBXBuildFile; fileRef = B5AFD10F238EFFD100EA88B8 /* GamesTableViewCell.swift */; };
		B5B7A3F02391939F00D2419F /* MenOrWomenTeamSelector.swift in Sources */ = {isa = PBXBuildFile; fileRef = B5B7A3EF2391939F00D2419F /* MenOrWomenTeamSelector.swift */; };
		B5B7A3F22391A71300D2419F /* Team.swift in Sources */ = {isa = PBXBuildFile; fileRef = B5B7A3F12391A71300D2419F /* Team.swift */; };
		DE1C2FB32637527486D213F9 /* Pods_eosLund.framework in Frameworks */ = {isa = PBXBuildFile; fileRef = 1455D504268233C900808346 /* Pods_eosLund.framework */; };
/* End PBXBuildFile section */

/* Begin PBXFileReference section */
		1455D504268233C900808346 /* Pods_eosLund.framework */ = {isa = PBXFileReference; explicitFileType = wrapper.framework; includeInIndex = 0; path = Pods_eosLund.framework; sourceTree = BUILT_PRODUCTS_DIR; };
		302A32A59546E27D6599AA27 /* Pods-eosLund.debug.xcconfig */ = {isa = PBXFileReference; includeInIndex = 1; lastKnownFileType = text.xcconfig; name = "Pods-eosLund.debug.xcconfig"; path = "Pods/Target Support Files/Pods-eosLund/Pods-eosLund.debug.xcconfig"; sourceTree = "<group>"; };
		68DC742D299F4DE9259278BE /* Pods-eosLund.release.xcconfig */ = {isa = PBXFileReference; includeInIndex = 1; lastKnownFileType = text.xcconfig; name = "Pods-eosLund.release.xcconfig"; path = "Pods/Target Support Files/Pods-eosLund/Pods-eosLund.release.xcconfig"; sourceTree = "<group>"; };
		B5AFD0E8238D5CA900EA88B8 /* eosLund.app */ = {isa = PBXFileReference; explicitFileType = wrapper.application; includeInIndex = 0; path = eosLund.app; sourceTree = BUILT_PRODUCTS_DIR; };
		B5AFD0EB238D5CA900EA88B8 /* AppDelegate.swift */ = {isa = PBXFileReference; lastKnownFileType = sourcecode.swift; path = AppDelegate.swift; sourceTree = "<group>"; };
		B5AFD0ED238D5CA900EA88B8 /* SceneDelegate.swift */ = {isa = PBXFileReference; lastKnownFileType = sourcecode.swift; path = SceneDelegate.swift; sourceTree = "<group>"; };
		B5AFD0EF238D5CA900EA88B8 /* GameScheduleVC.swift */ = {isa = PBXFileReference; lastKnownFileType = sourcecode.swift; path = GameScheduleVC.swift; sourceTree = "<group>"; };
		B5AFD0F1238D5CA900EA88B8 /* SecondViewController.swift */ = {isa = PBXFileReference; lastKnownFileType = sourcecode.swift; path = SecondViewController.swift; sourceTree = "<group>"; };
		B5AFD0F4238D5CA900EA88B8 /* Base */ = {isa = PBXFileReference; lastKnownFileType = file.storyboard; name = Base; path = Base.lproj/Main.storyboard; sourceTree = "<group>"; };
		B5AFD0F6238D5CAC00EA88B8 /* Assets.xcassets */ = {isa = PBXFileReference; lastKnownFileType = folder.assetcatalog; path = Assets.xcassets; sourceTree = "<group>"; };
		B5AFD0F9238D5CAC00EA88B8 /* Base */ = {isa = PBXFileReference; lastKnownFileType = file.storyboard; name = Base; path = Base.lproj/LaunchScreen.storyboard; sourceTree = "<group>"; };
		B5AFD0FB238D5CAC00EA88B8 /* Info.plist */ = {isa = PBXFileReference; lastKnownFileType = text.plist.xml; path = Info.plist; sourceTree = "<group>"; };
		B5AFD101238D611900EA88B8 /* GoogleService-Info.plist */ = {isa = PBXFileReference; fileEncoding = 4; lastKnownFileType = text.plist.xml; path = "GoogleService-Info.plist"; sourceTree = "<group>"; };
		B5AFD108238EB7F300EA88B8 /* RoundedShadowButton.swift */ = {isa = PBXFileReference; lastKnownFileType = sourcecode.swift; path = RoundedShadowButton.swift; sourceTree = "<group>"; };
		B5AFD10B238EC25700EA88B8 /* Constant.swift */ = {isa = PBXFileReference; lastKnownFileType = sourcecode.swift; path = Constant.swift; sourceTree = "<group>"; };
		B5AFD10D238EC2AF00EA88B8 /* Game.swift */ = {isa = PBXFileReference; lastKnownFileType = sourcecode.swift; path = Game.swift; sourceTree = "<group>"; };
		B5AFD10F238EFFD100EA88B8 /* GamesTableViewCell.swift */ = {isa = PBXFileReference; lastKnownFileType = sourcecode.swift; path = GamesTableViewCell.swift; sourceTree = "<group>"; };
		B5B7A3EF2391939F00D2419F /* MenOrWomenTeamSelector.swift */ = {isa = PBXFileReference; lastKnownFileType = sourcecode.swift; path = MenOrWomenTeamSelector.swift; sourceTree = "<group>"; };
		B5B7A3F12391A71300D2419F /* Team.swift */ = {isa = PBXFileReference; lastKnownFileType = sourcecode.swift; path = Team.swift; sourceTree = "<group>"; };
/* End PBXFileReference section */

/* Begin PBXFrameworksBuildPhase section */
		B5AFD0E5238D5CA900EA88B8 /* Frameworks */ = {
			isa = PBXFrameworksBuildPhase;
			buildActionMask = 2147483647;
			files = (
				DE1C2FB32637527486D213F9 /* Pods_eosLund.framework in Frameworks */,
			);
			runOnlyForDeploymentPostprocessing = 0;
		};
/* End PBXFrameworksBuildPhase section */

/* Begin PBXGroup section */
		043AE9E89D62E3231872D890 /* Pods */ = {
			isa = PBXGroup;
			children = (
				302A32A59546E27D6599AA27 /* Pods-eosLund.debug.xcconfig */,
				68DC742D299F4DE9259278BE /* Pods-eosLund.release.xcconfig */,
			);
			name = Pods;
			sourceTree = "<group>";
		};
		663368E36587FDC8A20189A5 /* Frameworks */ = {
			isa = PBXGroup;
			children = (
				1455D504268233C900808346 /* Pods_eosLund.framework */,
			);
			name = Frameworks;
			sourceTree = "<group>";
		};
		B5AFD0DF238D5CA900EA88B8 = {
			isa = PBXGroup;
			children = (
				B5AFD0EA238D5CA900EA88B8 /* eosLund */,
				B5AFD0E9238D5CA900EA88B8 /* Products */,
				043AE9E89D62E3231872D890 /* Pods */,
				663368E36587FDC8A20189A5 /* Frameworks */,
			);
			sourceTree = "<group>";
		};
		B5AFD0E9238D5CA900EA88B8 /* Products */ = {
			isa = PBXGroup;
			children = (
				B5AFD0E8238D5CA900EA88B8 /* eosLund.app */,
			);
			name = Products;
			sourceTree = "<group>";
		};
		B5AFD0EA238D5CA900EA88B8 /* eosLund */ = {
			isa = PBXGroup;
			children = (
				B5AFD10A238EC23700EA88B8 /* Utilities */,
				B5AFD104238EB7A400EA88B8 /* Model */,
				B5AFD105238EB7AC00EA88B8 /* View */,
				B5AFD103238EB79D00EA88B8 /* Controller */,
				B5AFD0EB238D5CA900EA88B8 /* AppDelegate.swift */,
				B5AFD0ED238D5CA900EA88B8 /* SceneDelegate.swift */,
				B5AFD0F3238D5CA900EA88B8 /* Main.storyboard */,
				B5AFD0F6238D5CAC00EA88B8 /* Assets.xcassets */,
				B5AFD0F8238D5CAC00EA88B8 /* LaunchScreen.storyboard */,
				B5AFD0FB238D5CAC00EA88B8 /* Info.plist */,
				B5AFD101238D611900EA88B8 /* GoogleService-Info.plist */,
			);
			path = eosLund;
			sourceTree = "<group>";
		};
		B5AFD103238EB79D00EA88B8 /* Controller */ = {
			isa = PBXGroup;
			children = (
				B5AFD0EF238D5CA900EA88B8 /* GameScheduleVC.swift */,
				B5AFD0F1238D5CA900EA88B8 /* SecondViewController.swift */,
			);
			path = Controller;
			sourceTree = "<group>";
		};
		B5AFD104238EB7A400EA88B8 /* Model */ = {
			isa = PBXGroup;
			children = (
				B5AFD10D238EC2AF00EA88B8 /* Game.swift */,
				B5B7A3EF2391939F00D2419F /* MenOrWomenTeamSelector.swift */,
				B5B7A3F12391A71300D2419F /* Team.swift */,
			);
			path = Model;
			sourceTree = "<group>";
		};
		B5AFD105238EB7AC00EA88B8 /* View */ = {
			isa = PBXGroup;
			children = (
				B5AFD108238EB7F300EA88B8 /* RoundedShadowButton.swift */,
				B5AFD10F238EFFD100EA88B8 /* GamesTableViewCell.swift */,
			);
			path = View;
			sourceTree = "<group>";
		};
		B5AFD10A238EC23700EA88B8 /* Utilities */ = {
			isa = PBXGroup;
			children = (
				B5AFD10B238EC25700EA88B8 /* Constant.swift */,
			);
			path = Utilities;
			sourceTree = "<group>";
		};
/* End PBXGroup section */

/* Begin PBXNativeTarget section */
		B5AFD0E7238D5CA900EA88B8 /* eosLund */ = {
			isa = PBXNativeTarget;
			buildConfigurationList = B5AFD0FE238D5CAC00EA88B8 /* Build configuration list for PBXNativeTarget "eosLund" */;
			buildPhases = (
				D2DEFC1519B67DE56E4AA527 /* [CP] Check Pods Manifest.lock */,
				B5AFD0E4238D5CA900EA88B8 /* Sources */,
				B5AFD0E5238D5CA900EA88B8 /* Frameworks */,
				B5AFD0E6238D5CA900EA88B8 /* Resources */,
				F458BBC470BD5CF95AB25D45 /* [CP] Embed Pods Frameworks */,
			);
			buildRules = (
			);
			dependencies = (
			);
			name = eosLund;
			productName = eosLund;
			productReference = B5AFD0E8238D5CA900EA88B8 /* eosLund.app */;
			productType = "com.apple.product-type.application";
		};
/* End PBXNativeTarget section */

/* Begin PBXProject section */
		B5AFD0E0238D5CA900EA88B8 /* Project object */ = {
			isa = PBXProject;
			attributes = {
				LastSwiftUpdateCheck = 1120;
				LastUpgradeCheck = 1120;
				ORGANIZATIONNAME = "Denis Rakitin";
				TargetAttributes = {
					B5AFD0E7238D5CA900EA88B8 = {
						CreatedOnToolsVersion = 11.2.1;
					};
				};
			};
			buildConfigurationList = B5AFD0E3238D5CA900EA88B8 /* Build configuration list for PBXProject "eosLund" */;
			compatibilityVersion = "Xcode 9.3";
			developmentRegion = en;
			hasScannedForEncodings = 0;
			knownRegions = (
				en,
				Base,
			);
			mainGroup = B5AFD0DF238D5CA900EA88B8;
			productRefGroup = B5AFD0E9238D5CA900EA88B8 /* Products */;
			projectDirPath = "";
			projectRoot = "";
			targets = (
				B5AFD0E7238D5CA900EA88B8 /* eosLund */,
			);
		};
/* End PBXProject section */

/* Begin PBXResourcesBuildPhase section */
		B5AFD0E6238D5CA900EA88B8 /* Resources */ = {
			isa = PBXResourcesBuildPhase;
			buildActionMask = 2147483647;
			files = (
				B5AFD0FA238D5CAC00EA88B8 /* LaunchScreen.storyboard in Resources */,
				B5AFD102238D611900EA88B8 /* GoogleService-Info.plist in Resources */,
				B5AFD0F7238D5CAC00EA88B8 /* Assets.xcassets in Resources */,
				B5AFD0F5238D5CA900EA88B8 /* Main.storyboard in Resources */,
			);
			runOnlyForDeploymentPostprocessing = 0;
		};
/* End PBXResourcesBuildPhase section */

/* Begin PBXShellScriptBuildPhase section */
		D2DEFC1519B67DE56E4AA527 /* [CP] Check Pods Manifest.lock */ = {
			isa = PBXShellScriptBuildPhase;
			buildActionMask = 2147483647;
			files = (
			);
			inputPaths = (
				"${PODS_PODFILE_DIR_PATH}/Podfile.lock",
				"${PODS_ROOT}/Manifest.lock",
			);
			name = "[CP] Check Pods Manifest.lock";
			outputPaths = (
				"$(DERIVED_FILE_DIR)/Pods-eosLund-checkManifestLockResult.txt",
			);
			runOnlyForDeploymentPostprocessing = 0;
			shellPath = /bin/sh;
			shellScript = "diff \"${PODS_PODFILE_DIR_PATH}/Podfile.lock\" \"${PODS_ROOT}/Manifest.lock\" > /dev/null\nif [ $? != 0 ] ; then\n    # print error to STDERR\n    echo \"error: The sandbox is not in sync with the Podfile.lock. Run 'pod install' or update your CocoaPods installation.\" >&2\n    exit 1\nfi\n# This output is used by Xcode 'outputs' to avoid re-running this script phase.\necho \"SUCCESS\" > \"${SCRIPT_OUTPUT_FILE_0}\"\n";
			showEnvVarsInLog = 0;
		};
		F458BBC470BD5CF95AB25D45 /* [CP] Embed Pods Frameworks */ = {
			isa = PBXShellScriptBuildPhase;
			buildActionMask = 2147483647;
			files = (
			);
			inputPaths = (
				"${SRCROOT}/Pods/Target Support Files/Pods-eosLund/Pods-eosLund-frameworks.sh",
				"${BUILT_PRODUCTS_DIR}/BoringSSL-GRPC/openssl_grpc.framework",
				"${BUILT_PRODUCTS_DIR}/GoogleUtilities/GoogleUtilities.framework",
				"${BUILT_PRODUCTS_DIR}/Protobuf/protobuf.framework",
				"${BUILT_PRODUCTS_DIR}/Realm/Realm.framework",
				"${BUILT_PRODUCTS_DIR}/gRPC-C++/grpcpp.framework",
				"${BUILT_PRODUCTS_DIR}/gRPC-Core/grpc.framework",
				"${BUILT_PRODUCTS_DIR}/leveldb-library/leveldb.framework",
				"${BUILT_PRODUCTS_DIR}/nanopb/nanopb.framework",
			);
			name = "[CP] Embed Pods Frameworks";
			outputPaths = (
				"${TARGET_BUILD_DIR}/${FRAMEWORKS_FOLDER_PATH}/openssl_grpc.framework",
				"${TARGET_BUILD_DIR}/${FRAMEWORKS_FOLDER_PATH}/GoogleUtilities.framework",
				"${TARGET_BUILD_DIR}/${FRAMEWORKS_FOLDER_PATH}/protobuf.framework",
				"${TARGET_BUILD_DIR}/${FRAMEWORKS_FOLDER_PATH}/Realm.framework",
				"${TARGET_BUILD_DIR}/${FRAMEWORKS_FOLDER_PATH}/grpcpp.framework",
				"${TARGET_BUILD_DIR}/${FRAMEWORKS_FOLDER_PATH}/grpc.framework",
				"${TARGET_BUILD_DIR}/${FRAMEWORKS_FOLDER_PATH}/leveldb.framework",
				"${TARGET_BUILD_DIR}/${FRAMEWORKS_FOLDER_PATH}/nanopb.framework",
			);
			runOnlyForDeploymentPostprocessing = 0;
			shellPath = /bin/sh;
			shellScript = "\"${SRCROOT}/Pods/Target Support Files/Pods-eosLund/Pods-eosLund-frameworks.sh\"\n";
			showEnvVarsInLog = 0;
		};
/* End PBXShellScriptBuildPhase section */

/* Begin PBXSourcesBuildPhase section */
		B5AFD0E4238D5CA900EA88B8 /* Sources */ = {
			isa = PBXSourcesBuildPhase;
			buildActionMask = 2147483647;
			files = (
				B5AFD0F2238D5CA900EA88B8 /* SecondViewController.swift in Sources */,
				B5AFD109238EB7F300EA88B8 /* RoundedShadowButton.swift in Sources */,
				B5AFD0F0238D5CA900EA88B8 /* GameScheduleVC.swift in Sources */,
				B5AFD110238EFFD100EA88B8 /* GamesTableViewCell.swift in Sources */,
				B5AFD10E238EC2AF00EA88B8 /* Game.swift in Sources */,
				B5AFD0EC238D5CA900EA88B8 /* AppDelegate.swift in Sources */,
				B5AFD0EE238D5CA900EA88B8 /* SceneDelegate.swift in Sources */,
				B5B7A3F02391939F00D2419F /* MenOrWomenTeamSelector.swift in Sources */,
				B5B7A3F22391A71300D2419F /* Team.swift in Sources */,
				B5AFD10C238EC25700EA88B8 /* Constant.swift in Sources */,
			);
			runOnlyForDeploymentPostprocessing = 0;
		};
/* End PBXSourcesBuildPhase section */

/* Begin PBXVariantGroup section */
		B5AFD0F3238D5CA900EA88B8 /* Main.storyboard */ = {
			isa = PBXVariantGroup;
			children = (
				B5AFD0F4238D5CA900EA88B8 /* Base */,
			);
			name = Main.storyboard;
			sourceTree = "<group>";
		};
		B5AFD0F8238D5CAC00EA88B8 /* LaunchScreen.storyboard */ = {
			isa = PBXVariantGroup;
			children = (
				B5AFD0F9238D5CAC00EA88B8 /* Base */,
			);
			name = LaunchScreen.storyboard;
			sourceTree = "<group>";
		};
/* End PBXVariantGroup section */

/* Begin XCBuildConfiguration section */
		B5AFD0FC238D5CAC00EA88B8 /* Debug */ = {
			isa = XCBuildConfiguration;
			buildSettings = {
				ALWAYS_SEARCH_USER_PATHS = NO;
				CLANG_ANALYZER_NONNULL = YES;
				CLANG_ANALYZER_NUMBER_OBJECT_CONVERSION = YES_AGGRESSIVE;
				CLANG_CXX_LANGUAGE_STANDARD = "gnu++14";
				CLANG_CXX_LIBRARY = "libc++";
				CLANG_ENABLE_MODULES = YES;
				CLANG_ENABLE_OBJC_ARC = YES;
				CLANG_ENABLE_OBJC_WEAK = YES;
				CLANG_WARN_BLOCK_CAPTURE_AUTORELEASING = YES;
				CLANG_WARN_BOOL_CONVERSION = YES;
				CLANG_WARN_COMMA = YES;
				CLANG_WARN_CONSTANT_CONVERSION = YES;
				CLANG_WARN_DEPRECATED_OBJC_IMPLEMENTATIONS = YES;
				CLANG_WARN_DIRECT_OBJC_ISA_USAGE = YES_ERROR;
				CLANG_WARN_DOCUMENTATION_COMMENTS = YES;
				CLANG_WARN_EMPTY_BODY = YES;
				CLANG_WARN_ENUM_CONVERSION = YES;
				CLANG_WARN_INFINITE_RECURSION = YES;
				CLANG_WARN_INT_CONVERSION = YES;
				CLANG_WARN_NON_LITERAL_NULL_CONVERSION = YES;
				CLANG_WARN_OBJC_IMPLICIT_RETAIN_SELF = YES;
				CLANG_WARN_OBJC_LITERAL_CONVERSION = YES;
				CLANG_WARN_OBJC_ROOT_CLASS = YES_ERROR;
				CLANG_WARN_RANGE_LOOP_ANALYSIS = YES;
				CLANG_WARN_STRICT_PROTOTYPES = YES;
				CLANG_WARN_SUSPICIOUS_MOVE = YES;
				CLANG_WARN_UNGUARDED_AVAILABILITY = YES_AGGRESSIVE;
				CLANG_WARN_UNREACHABLE_CODE = YES;
				CLANG_WARN__DUPLICATE_METHOD_MATCH = YES;
				COPY_PHASE_STRIP = NO;
				DEBUG_INFORMATION_FORMAT = dwarf;
				ENABLE_STRICT_OBJC_MSGSEND = YES;
				ENABLE_TESTABILITY = YES;
				GCC_C_LANGUAGE_STANDARD = gnu11;
				GCC_DYNAMIC_NO_PIC = NO;
				GCC_NO_COMMON_BLOCKS = YES;
				GCC_OPTIMIZATION_LEVEL = 0;
				GCC_PREPROCESSOR_DEFINITIONS = (
					"DEBUG=1",
					"$(inherited)",
				);
				GCC_WARN_64_TO_32_BIT_CONVERSION = YES;
				GCC_WARN_ABOUT_RETURN_TYPE = YES_ERROR;
				GCC_WARN_UNDECLARED_SELECTOR = YES;
				GCC_WARN_UNINITIALIZED_AUTOS = YES_AGGRESSIVE;
				GCC_WARN_UNUSED_FUNCTION = YES;
				GCC_WARN_UNUSED_VARIABLE = YES;
				IPHONEOS_DEPLOYMENT_TARGET = 13.2;
				MTL_ENABLE_DEBUG_INFO = INCLUDE_SOURCE;
				MTL_FAST_MATH = YES;
				ONLY_ACTIVE_ARCH = YES;
				SDKROOT = iphoneos;
				SWIFT_ACTIVE_COMPILATION_CONDITIONS = DEBUG;
				SWIFT_OPTIMIZATION_LEVEL = "-Onone";
			};
			name = Debug;
		};
		B5AFD0FD238D5CAC00EA88B8 /* Release */ = {
			isa = XCBuildConfiguration;
			buildSettings = {
				ALWAYS_SEARCH_USER_PATHS = NO;
				CLANG_ANALYZER_NONNULL = YES;
				CLANG_ANALYZER_NUMBER_OBJECT_CONVERSION = YES_AGGRESSIVE;
				CLANG_CXX_LANGUAGE_STANDARD = "gnu++14";
				CLANG_CXX_LIBRARY = "libc++";
				CLANG_ENABLE_MODULES = YES;
				CLANG_ENABLE_OBJC_ARC = YES;
				CLANG_ENABLE_OBJC_WEAK = YES;
				CLANG_WARN_BLOCK_CAPTURE_AUTORELEASING = YES;
				CLANG_WARN_BOOL_CONVERSION = YES;
				CLANG_WARN_COMMA = YES;
				CLANG_WARN_CONSTANT_CONVERSION = YES;
				CLANG_WARN_DEPRECATED_OBJC_IMPLEMENTATIONS = YES;
				CLANG_WARN_DIRECT_OBJC_ISA_USAGE = YES_ERROR;
				CLANG_WARN_DOCUMENTATION_COMMENTS = YES;
				CLANG_WARN_EMPTY_BODY = YES;
				CLANG_WARN_ENUM_CONVERSION = YES;
				CLANG_WARN_INFINITE_RECURSION = YES;
				CLANG_WARN_INT_CONVERSION = YES;
				CLANG_WARN_NON_LITERAL_NULL_CONVERSION = YES;
				CLANG_WARN_OBJC_IMPLICIT_RETAIN_SELF = YES;
				CLANG_WARN_OBJC_LITERAL_CONVERSION = YES;
				CLANG_WARN_OBJC_ROOT_CLASS = YES_ERROR;
				CLANG_WARN_RANGE_LOOP_ANALYSIS = YES;
				CLANG_WARN_STRICT_PROTOTYPES = YES;
				CLANG_WARN_SUSPICIOUS_MOVE = YES;
				CLANG_WARN_UNGUARDED_AVAILABILITY = YES_AGGRESSIVE;
				CLANG_WARN_UNREACHABLE_CODE = YES;
				CLANG_WARN__DUPLICATE_METHOD_MATCH = YES;
				COPY_PHASE_STRIP = NO;
				DEBUG_INFORMATION_FORMAT = "dwarf-with-dsym";
				ENABLE_NS_ASSERTIONS = NO;
				ENABLE_STRICT_OBJC_MSGSEND = YES;
				GCC_C_LANGUAGE_STANDARD = gnu11;
				GCC_NO_COMMON_BLOCKS = YES;
				GCC_WARN_64_TO_32_BIT_CONVERSION = YES;
				GCC_WARN_ABOUT_RETURN_TYPE = YES_ERROR;
				GCC_WARN_UNDECLARED_SELECTOR = YES;
				GCC_WARN_UNINITIALIZED_AUTOS = YES_AGGRESSIVE;
				GCC_WARN_UNUSED_FUNCTION = YES;
				GCC_WARN_UNUSED_VARIABLE = YES;
				IPHONEOS_DEPLOYMENT_TARGET = 13.2;
				MTL_ENABLE_DEBUG_INFO = NO;
				MTL_FAST_MATH = YES;
				SDKROOT = iphoneos;
				SWIFT_COMPILATION_MODE = wholemodule;
				SWIFT_OPTIMIZATION_LEVEL = "-O";
				VALIDATE_PRODUCT = YES;
			};
			name = Release;
		};
		B5AFD0FF238D5CAC00EA88B8 /* Debug */ = {
			isa = XCBuildConfiguration;
			baseConfigurationReference = 302A32A59546E27D6599AA27 /* Pods-eosLund.debug.xcconfig */;
			buildSettings = {
				ASSETCATALOG_COMPILER_APPICON_NAME = AppIcon;
				CODE_SIGN_STYLE = Automatic;
				DEVELOPMENT_TEAM = 83G4KB5W5L;
				INFOPLIST_FILE = eosLund/Info.plist;
				IPHONEOS_DEPLOYMENT_TARGET = 12.4;
				LD_RUNPATH_SEARCH_PATHS = (
					"$(inherited)",
					"@executable_path/Frameworks",
				);
				PRODUCT_BUNDLE_IDENTIFIER = se.eosLund.app;
				PRODUCT_NAME = "$(TARGET_NAME)";
				SWIFT_VERSION = 5.0;
				TARGETED_DEVICE_FAMILY = "1,2";
			};
			name = Debug;
		};
		B5AFD100238D5CAC00EA88B8 /* Release */ = {
			isa = XCBuildConfiguration;
			baseConfigurationReference = 68DC742D299F4DE9259278BE /* Pods-eosLund.release.xcconfig */;
			buildSettings = {
				ASSETCATALOG_COMPILER_APPICON_NAME = AppIcon;
				CODE_SIGN_STYLE = Automatic;
				DEVELOPMENT_TEAM = 83G4KB5W5L;
				INFOPLIST_FILE = eosLund/Info.plist;
				IPHONEOS_DEPLOYMENT_TARGET = 12.4;
				LD_RUNPATH_SEARCH_PATHS = (
					"$(inherited)",
					"@executable_path/Frameworks",
				);
				PRODUCT_BUNDLE_IDENTIFIER = se.eosLund.app;
				PRODUCT_NAME = "$(TARGET_NAME)";
				SWIFT_VERSION = 5.0;
				TARGETED_DEVICE_FAMILY = "1,2";
			};
			name = Release;
		};
/* End XCBuildConfiguration section */

/* Begin XCConfigurationList section */
		B5AFD0E3238D5CA900EA88B8 /* Build configuration list for PBXProject "eosLund" */ = {
			isa = XCConfigurationList;
			buildConfigurations = (
				B5AFD0FC238D5CAC00EA88B8 /* Debug */,
				B5AFD0FD238D5CAC00EA88B8 /* Release */,
			);
			defaultConfigurationIsVisible = 0;
			defaultConfigurationName = Release;
		};
		B5AFD0FE238D5CAC00EA88B8 /* Build configuration list for PBXNativeTarget "eosLund" */ = {
			isa = XCConfigurationList;
			buildConfigurations = (
				B5AFD0FF238D5CAC00EA88B8 /* Debug */,
				B5AFD100238D5CAC00EA88B8 /* Release */,
			);
			defaultConfigurationIsVisible = 0;
			defaultConfigurationName = Release;
		};
/* End XCConfigurationList section */
	};
	rootObject = B5AFD0E0238D5CA900EA88B8 /* Project object */;
}
